{
  "name": "@rww/prettier",
  "version": "0.0.1",
  "lockfileVersion": 1,
  "requires": true,
  "dependencies": {
    "husky": {
      "version": "7.0.2",
      "resolved": "https://registry.nlark.com/husky/download/husky-7.0.2.tgz?cache=0&sync_timestamp=1629854696569&other_urls=https%3A%2F%2Fregistry.nlark.com%2Fhusky%2Fdownload%2Fhusky-7.0.2.tgz",
      "integrity": "sha1-IZANoPMBmazKQ6RsBDxK2Erojf8=",
      "dev": true
    },
    "prettier": {
      "version": "2.3.2",
      "dev": true
    }
  }
}
